{
  "name": "js-barcode-scanner",
  "version": "1.0.2",
  "lockfileVersion": 3,
  "requires": true,
  "packages": {
    "": {
      "name": "js-barcode-scanner",
      "version": "1.0.2",
      "license": "MIT",
      "dependencies": {
        "js-barcode-scanner": "^1.0.2"
      },
      "peerDependencies": {
        "react": ">=16.8.0"
      },
      "peerDependenciesMeta": {
        "react": {
          "optional": true
        }
      }
    },
    "node_modules/js-barcode-scanner": {
      "version": "1.0.1",
      "resolved": "https://registry.npmjs.org/js-barcode-scanner/-/js-barcode-scanner-1.0.1.tgz",
      "integrity": "sha512-/OH35KGvyZkBT9WTu6I7p6n+pGUVWVk8BHxVwz0O0t5KRvqaTKk0FJnRcldFUjMwxZVm5J68zOvynUZfTyO5AQ==",
      "peerDependencies": {
        "react": ">=16.8.0"
      },
      "peerDependenciesMeta": {
        "react": {
          "optional": true
        }
      }
    }
  }
}
